// !$*UTF8*$!
{
	archiveVersion = 1;
	classes = {
	};
	objectVersion = 54;
	objects = {

/* Begin PBXBuildFile section */
		5KLXL6LB6NB82P4Z3LQ9N2EY /* Main.storyboard in Resources */ = {isa = PBXBuildFile; fileRef = J1PDIDDVH1SUWCFLUPUNVAKC /* Main.storyboard */; };
		6SULZ8O2PFH6YL302Q7NQHVF /* AppFrameworkInfo.plist in Resources */ = {isa = PBXBuildFile; fileRef = 4IMZH1SRYXLO5STFTCERX2WA /* AppFrameworkInfo.plist */; };
		848198A12F2B60130013FCCB /* StoreKit.framework in Frameworks */ = {isa = PBXBuildFile; fileRef = 848198A02F2B60130013FCCB /* StoreKit.framework */; };
		991TEP10IBTX0R00QQ9JTM5U /* LaunchScreen.storyboard in Resources */ = {isa = PBXBuildFile; fileRef = 0YT1ZW9RS0MCGGNZJOJ2I55J /* LaunchScreen.storyboard */; };
		B6M5BB2JQTW66Q2L0YOD6QAT /* AppDelegate.swift in Sources */ = {isa = PBXBuildFile; fileRef = CYEKSUXASNSRVLNR0E6AEG0I /* AppDelegate.swift */; };
		DUAYIWOE0GWWFS9VCVMG8MQ9 /* Pods_Runner.framework in Frameworks */ = {isa = PBXBuildFile; fileRef = QRJ2NBYJW1U1ZRY16TWLKWXN /* Pods_Runner.framework */; };
		J8LQR1CREA559DJ5PPWA2Z9C /* RunnerTests.swift in Sources */ = {isa = PBXBuildFile; fileRef = 133BJDQL45YBXQGY3NQDBVGQ /* RunnerTests.swift */; };
		K56OV1L91B8I5NOE69EMDKDR /* Assets.xcassets in Resources */ = {isa = PBXBuildFile; fileRef = 6WUIH6P4HBAHHBAYBQFWQNJS /* Assets.xcassets */; };
		S9LXV3WRX5VLZ3BBTIXKW9ZZ /* Pods_RunnerTests.framework in Frameworks */ = {isa = PBXBuildFile; fileRef = GFSOM6KL49F7DN8080AYEUHY /* Pods_RunnerTests.framework */; };
		YZRFH2YMKU1LLEIIG1ISFOC3 /* GeneratedPluginRegistrant.m in Sources */ = {isa = PBXBuildFile; fileRef = 08YHL8UBJPUXI0D7H8C4DS5T /* GeneratedPluginRegistrant.m */; };
/* End PBXBuildFile section */

/* Begin PBXContainerItemProxy section */
		NO8RKIH39FHR1334P7P00U9S /* PBXContainerItemProxy */ = {
			isa = PBXContainerItemProxy;
			containerPortal = NQ0ZKUVTNRMVQ6T9RUZ4SVEE /* Project object */;
			proxyType = 1;
			remoteGlobalIDString = APG0R2HXID0R3Z42V8P5YC2L;
			remoteInfo = Runner;
		};
/* End PBXContainerItemProxy section */

/* Begin PBXCopyFilesBuildPhase section */
		6YCAJUHSP263C4B7F9GNGGR7 /* Embed Frameworks */ = {
			isa = PBXCopyFilesBuildPhase;
			buildActionMask = 2147483647;
			dstPath = "";
			dstSubfolderSpec = 10;
			files = (
			);
			name = "Embed Frameworks";
			runOnlyForDeploymentPostprocessing = 0;
		};
/* End PBXCopyFilesBuildPhase section */

/* Begin PBXFileReference section */
		08YHL8UBJPUXI0D7H8C4DS5T /* GeneratedPluginRegistrant.m */ = {isa = PBXFileReference; fileEncoding = 4; lastKnownFileType = sourcecode.c.objc; path = GeneratedPluginRegistrant.m; sourceTree = "<group>"; };
		133BJDQL45YBXQGY3NQDBVGQ /* RunnerTests.swift */ = {isa = PBXFileReference; lastKnownFileType = sourcecode.swift; path = RunnerTests.swift; sourceTree = "<group>"; };
		3SCR9UA2XUTQQBPIUPXTBLPK /* Base */ = {isa = PBXFileReference; lastKnownFileType = file.storyboard; name = Base; path = Base.lproj/LaunchScreen.storyboard; sourceTree = "<group>"; };
		4IMZH1SRYXLO5STFTCERX2WA /* AppFrameworkInfo.plist */ = {isa = PBXFileReference; fileEncoding = 4; lastKnownFileType = text.plist.xml; name = AppFrameworkInfo.plist; path = Flutter/AppFrameworkInfo.plist; sourceTree = "<group>"; };
		4POWVZS2EM11II13HRNUA12M /* Debug.xcconfig */ = {isa = PBXFileReference; fileEncoding = 4; lastKnownFileType = text.xcconfig; name = Debug.xcconfig; path = Flutter/Debug.xcconfig; sourceTree = "<group>"; };
		6WUIH6P4HBAHHBAYBQFWQNJS /* Assets.xcassets */ = {isa = PBXFileReference; lastKnownFileType = folder.assetcatalog; path = Assets.xcassets; sourceTree = "<group>"; };
		848198A02F2B60130013FCCB /* StoreKit.framework */ = {isa = PBXFileReference; lastKnownFileType = wrapper.framework; name = StoreKit.framework; path = System/Library/Frameworks/StoreKit.framework; sourceTree = SDKROOT; };
		A8TSILPPP5UOMBWMWEIZBN07 /* Pods-RunnerTests.debug.xcconfig */ = {isa = PBXFileReference; includeInIndex = 1; lastKnownFileType = text.xcconfig; name = "Pods-RunnerTests.debug.xcconfig"; path = "Target Support Files/Pods-RunnerTests/Pods-RunnerTests.debug.xcconfig"; sourceTree = "<group>"; };
		CYEKSUXASNSRVLNR0E6AEG0I /* AppDelegate.swift */ = {isa = PBXFileReference; fileEncoding = 4; lastKnownFileType = sourcecode.swift; path = AppDelegate.swift; sourceTree = "<group>"; };
		FH2830XT0H9EJULXOSD5Y4EJ /* Pods-RunnerTests.profile.xcconfig */ = {isa = PBXFileReference; includeInIndex = 1; lastKnownFileType = text.xcconfig; name = "Pods-RunnerTests.profile.xcconfig"; path = "Target Support Files/Pods-RunnerTests/Pods-RunnerTests.profile.xcconfig"; sourceTree = "<group>"; };
		GFSOM6KL49F7DN8080AYEUHY /* Pods_RunnerTests.framework */ = {isa = PBXFileReference; explicitFileType = wrapper.framework; includeInIndex = 0; path = Pods_RunnerTests.framework; sourceTree = BUILT_PRODUCTS_DIR; };
		L9KO588U12X1YM98VY2LMDA2 /* Runner-Bridging-Header.h */ = {isa = PBXFileReference; lastKnownFileType = sourcecode.c.h; path = "Runner-Bridging-Header.h"; sourceTree = "<group>"; };
		MMWJWTXK3CSC6PYQ3RMIJR85 /* Pods-RunnerTests.release.xcconfig */ = {isa = PBXFileReference; includeInIndex = 1; lastKnownFileType = text.xcconfig; name = "Pods-RunnerTests.release.xcconfig"; path = "Target Support Files/Pods-RunnerTests/Pods-RunnerTests.release.xcconfig"; sourceTree = "<group>"; };
		MYR6HACO4CK41D9BVO6HGL2Y /* Base */ = {isa = PBXFileReference; lastKnownFileType = file.storyboard; name = Base; path = Base.lproj/Main.storyboard; sourceTree = "<group>"; };
		OGNH7655U606BYV82UDWA0JX /* Release.xcconfig */ = {isa = PBXFileReference; lastKnownFileType = text.xcconfig; name = Release.xcconfig; path = Flutter/Release.xcconfig; sourceTree = "<group>"; };
		P040VLT0W4AM0X6ILX0NUHDH /* GeneratedPluginRegistrant.h */ = {isa = PBXFileReference; lastKnownFileType = sourcecode.c.h; path = GeneratedPluginRegistrant.h; sourceTree = "<group>"; };
		QD2MEUCL8OJCQJZG4GJICXP8 /* Runner.app */ = {isa = PBXFileReference; explicitFileType = wrapper.application; includeInIndex = 0; path = Runner.app; sourceTree = BUILT_PRODUCTS_DIR; };
		QRJ2NBYJW1U1ZRY16TWLKWXN /* Pods_Runner.framework */ = {isa = PBXFileReference; explicitFileType = wrapper.framework; includeInIndex = 0; path = Pods_Runner.framework; sourceTree = BUILT_PRODUCTS_DIR; };
		RXA534KV0Z2EMYQ6IDK64T3K /* Generated.xcconfig */ = {isa = PBXFileReference; fileEncoding = 4; lastKnownFileType = text.xcconfig; name = Generated.xcconfig; path = Flutter/Generated.xcconfig; sourceTree = "<group>"; };
		UME8XO5ZP6EQVSLPJRI4TWCQ /* RunnerTests.xctest */ = {isa = PBXFileReference; explicitFileType = wrapper.cfbundle; includeInIndex = 0; path = RunnerTests.xctest; sourceTree = BUILT_PRODUCTS_DIR; };
		VBOGOBPWLKDCKL4F5V75S8AO /* Pods-Runner.profile.xcconfig */ = {isa = PBXFileReference; includeInIndex = 1; lastKnownFileType = text.xcconfig; name = "Pods-Runner.profile.xcconfig"; path = "Target Support Files/Pods-Runner/Pods-Runner.profile.xcconfig"; sourceTree = "<group>"; };
		VSIOS97VGIQETCO1PTLI8HGP /* Pods-Runner.debug.xcconfig */ = {isa = PBXFileReference; includeInIndex = 1; lastKnownFileType = text.xcconfig; name = "Pods-Runner.debug.xcconfig"; path = "Target Support Files/Pods-Runner/Pods-Runner.debug.xcconfig"; sourceTree = "<group>"; };
		WQG7G8Z0AVY80HH2NSEBMW2W /* Info.plist */ = {isa = PBXFileReference; lastKnownFileType = text.plist.xml; path = Info.plist; sourceTree = "<group>"; };
		YY746NZMGZTU1259HEW6CWVS /* Pods-Runner.release.xcconfig */ = {isa = PBXFileReference; includeInIndex = 1; lastKnownFileType = text.xcconfig; name = "Pods-Runner.release.xcconfig"; path = "Target Support Files/Pods-Runner/Pods-Runner.release.xcconfig"; sourceTree = "<group>"; };
/* End PBXFileReference section */

/* Begin PBXFrameworksBuildPhase section */
		ET66TM4WAA934HPHXCD0B2Y0 /* Frameworks */ = {
			isa = PBXFrameworksBuildPhase;
			buildActionMask = 2147483647;
			files = (
				DUAYIWOE0GWWFS9VCVMG8MQ9 /* Pods_Runner.framework in Frameworks */,
				848198A12F2B60130013FCCB /* StoreKit.framework in Frameworks */,
			);
			runOnlyForDeploymentPostprocessing = 0;
		};
		X7UTPUJCMVWCRUZSG23MB1TM /* Frameworks */ = {
			isa = PBXFrameworksBuildPhase;
			buildActionMask = 2147483647;
			files = (
				S9LXV3WRX5VLZ3BBTIXKW9ZZ /* Pods_RunnerTests.framework in Frameworks */,
			);
			runOnlyForDeploymentPostprocessing = 0;
		};
/* End PBXFrameworksBuildPhase section */

/* Begin PBXGroup section */
		1R7WM2QZFDKQQ6KCHOKQKMM2 /* Products */ = {
			isa = PBXGroup;
			children = (
				QD2MEUCL8OJCQJZG4GJICXP8 /* Runner.app */,
				UME8XO5ZP6EQVSLPJRI4TWCQ /* RunnerTests.xctest */,
			);
			name = Products;
			sourceTree = "<group>";
		};
		6K7M5Q1EKI1M6UI95Q2YDU31 /* RunnerTests */ = {
			isa = PBXGroup;
			children = (
				133BJDQL45YBXQGY3NQDBVGQ /* RunnerTests.swift */,
			);
			path = RunnerTests;
			sourceTree = "<group>";
		};
		7LX1BRJBEKMIMH236DDOSWJD /* Runner */ = {
			isa = PBXGroup;
			children = (
				J1PDIDDVH1SUWCFLUPUNVAKC /* Main.storyboard */,
				WQG7G8Z0AVY80HH2NSEBMW2W /* Info.plist */,
				L9KO588U12X1YM98VY2LMDA2 /* Runner-Bridging-Header.h */,
				P040VLT0W4AM0X6ILX0NUHDH /* GeneratedPluginRegistrant.h */,
				CYEKSUXASNSRVLNR0E6AEG0I /* AppDelegate.swift */,
				08YHL8UBJPUXI0D7H8C4DS5T /* GeneratedPluginRegistrant.m */,
				6WUIH6P4HBAHHBAYBQFWQNJS /* Assets.xcassets */,
				0YT1ZW9RS0MCGGNZJOJ2I55J /* LaunchScreen.storyboard */,
			);
			path = Runner;
			sourceTree = "<group>";
		};
		7ZNKQQJ9712ASJEHGI831OFN /* Flutter */ = {
			isa = PBXGroup;
			children = (
				4IMZH1SRYXLO5STFTCERX2WA /* AppFrameworkInfo.plist */,
				4POWVZS2EM11II13HRNUA12M /* Debug.xcconfig */,
				OGNH7655U606BYV82UDWA0JX /* Release.xcconfig */,
				RXA534KV0Z2EMYQ6IDK64T3K /* Generated.xcconfig */,
			);
			name = Flutter;
			sourceTree = "<group>";
		};
		8FJI429LGVQK6PWNDQ6KMOBI = {
			isa = PBXGroup;
			children = (
				6K7M5Q1EKI1M6UI95Q2YDU31 /* RunnerTests */,
				1R7WM2QZFDKQQ6KCHOKQKMM2 /* Products */,
				7ZNKQQJ9712ASJEHGI831OFN /* Flutter */,
				7LX1BRJBEKMIMH236DDOSWJD /* Runner */,
				DUEI6EPBBH46OCT4CZDA3JV1 /* Frameworks */,
				LL3FSY6T6QXEU06E5ETJIN5A /* Pods */,
			);
			sourceTree = "<group>";
		};
		DUEI6EPBBH46OCT4CZDA3JV1 /* Frameworks */ = {
			isa = PBXGroup;
			children = (
				848198A02F2B60130013FCCB /* StoreKit.framework */,
				QRJ2NBYJW1U1ZRY16TWLKWXN /* Pods_Runner.framework */,
				GFSOM6KL49F7DN8080AYEUHY /* Pods_RunnerTests.framework */,
			);
			name = Frameworks;
			sourceTree = "<group>";
		};
		LL3FSY6T6QXEU06E5ETJIN5A /* Pods */ = {
			isa = PBXGroup;
			children = (
				VSIOS97VGIQETCO1PTLI8HGP /* Pods-Runner.debug.xcconfig */,
				VBOGOBPWLKDCKL4F5V75S8AO /* Pods-Runner.profile.xcconfig */,
				A8TSILPPP5UOMBWMWEIZBN07 /* Pods-RunnerTests.debug.xcconfig */,
				FH2830XT0H9EJULXOSD5Y4EJ /* Pods-RunnerTests.profile.xcconfig */,
				YY746NZMGZTU1259HEW6CWVS /* Pods-Runner.release.xcconfig */,
				MMWJWTXK3CSC6PYQ3RMIJR85 /* Pods-RunnerTests.release.xcconfig */,
			);
			path = Pods;
			sourceTree = "<group>";
		};
/* End PBXGroup section */

/* Begin PBXNativeTarget section */
		APG0R2HXID0R3Z42V8P5YC2L /* Runner */ = {
			isa = PBXNativeTarget;
			buildConfigurationList = 9ACWY75Y8GC1P8FXM74UX0D6 /* Build configuration list for PBXNativeTarget "Runner" */;
			buildPhases = (
				CDF3MTPDGV9OAT0OXAUBO8CL /* [CP] Check Pods Manifest.lock */,
				YCK4VCI87FPQMH5EA28EAS40 /* Run Script */,
				60TBWNO237ZBPT2P7GSHWW8R /* Sources */,
				ET66TM4WAA934HPHXCD0B2Y0 /* Frameworks */,
				30WCN2PAS1HN2SKWKNWCZQIU /* Resources */,
				6YCAJUHSP263C4B7F9GNGGR7 /* Embed Frameworks */,
				LE8U7W7EYZ6T96OH65CE9PIX /* Thin Binary */,
				64DNI05K58ZRWCHPP58O7QXY /* [CP] Embed Pods Frameworks */,
			);
			buildRules = (
			);
			dependencies = (
			);
			name = Runner;
			productName = Runner;
			productReference = QD2MEUCL8OJCQJZG4GJICXP8 /* Runner.app */;
			productType = "com.apple.product-type.application";
		};
		DW37OHXFLA2NY1F2LTRTJACM /* RunnerTests */ = {
			isa = PBXNativeTarget;
			buildConfigurationList = 20GVTEOOXUWEB3PT5U4HHPCH /* Build configuration list for PBXNativeTarget "RunnerTests" */;
			buildPhases = (
				H8S9P3FPT54ZNQIF1LCKJMQQ /* [CP] Check Pods Manifest.lock */,
				ZCVPJZ0BBJNVGHFAEIZ2SU1B /* Sources */,
				RJQFF2VBJ6T9MYEYT778N2UJ /* Resources */,
				X7UTPUJCMVWCRUZSG23MB1TM /* Frameworks */,
			);
			buildRules = (
			);
			dependencies = (
				OOC23KJEHKEN9ALIM3O46SRX /* PBXTargetDependency */,
			);
			name = RunnerTests;
			productName = RunnerTests;
			productReference = UME8XO5ZP6EQVSLPJRI4TWCQ /* RunnerTests.xctest */;
			productType = "com.apple.product-type.bundle.unit-test";
		};
/* End PBXNativeTarget section */

/* Begin PBXProject section */
		NQ0ZKUVTNRMVQ6T9RUZ4SVEE /* Project object */ = {
			isa = PBXProject;
			attributes = {
				BuildIndependentTargetsInParallel = YES;
				LastUpgradeCheck = 1510;
				ORGANIZATIONNAME = "";
				TargetAttributes = {
					APG0R2HXID0R3Z42V8P5YC2L = {
						CreatedOnToolsVersion = 7.3.1;
						LastSwiftMigration = 1100;
					};
					DW37OHXFLA2NY1F2LTRTJACM = {
						CreatedOnToolsVersion = 14.0;
						TestTargetID = APG0R2HXID0R3Z42V8P5YC2L;
					};
				};
			};
			buildConfigurationList = PUU4JBWBWKBSMTJ61ID1SUFL /* Build configuration list for PBXProject "Runner" */;
			compatibilityVersion = "Xcode 9.3";
			developmentRegion = en;
			hasScannedForEncodings = 0;
			knownRegions = (
				en,
				Base,
			);
			mainGroup = 8FJI429LGVQK6PWNDQ6KMOBI;
			productRefGroup = 1R7WM2QZFDKQQ6KCHOKQKMM2 /* Products */;
			projectDirPath = "";
			projectRoot = "";
			targets = (
				APG0R2HXID0R3Z42V8P5YC2L /* Runner */,
				DW37OHXFLA2NY1F2LTRTJACM /* RunnerTests */,
			);
		};
/* End PBXProject section */

/* Begin PBXResourcesBuildPhase section */
		30WCN2PAS1HN2SKWKNWCZQIU /* Resources */ = {
			isa = PBXResourcesBuildPhase;
			buildActionMask = 2147483647;
			files = (
				991TEP10IBTX0R00QQ9JTM5U /* LaunchScreen.storyboard in Resources */,
				6SULZ8O2PFH6YL302Q7NQHVF /* AppFrameworkInfo.plist in Resources */,
				K56OV1L91B8I5NOE69EMDKDR /* Assets.xcassets in Resources */,
				5KLXL6LB6NB82P4Z3LQ9N2EY /* Main.storyboard in Resources */,
			);
			runOnlyForDeploymentPostprocessing = 0;
		};
		RJQFF2VBJ6T9MYEYT778N2UJ /* Resources */ = {
			isa = PBXResourcesBuildPhase;
			buildActionMask = 2147483647;
			files = (
			);
			runOnlyForDeploymentPostprocessing = 0;
		};
/* End PBXResourcesBuildPhase section */

/* Begin PBXShellScriptBuildPhase section */
		64DNI05K58ZRWCHPP58O7QXY /* [CP] Embed Pods Frameworks */ = {
			isa = PBXShellScriptBuildPhase;
			buildActionMask = 2147483647;
			files = (
			);
			inputFileListPaths = (
				"${PODS_ROOT}/Target Support Files/Pods-Runner/Pods-Runner-frameworks-${CONFIGURATION}-input-files.xcfilelist",
			);
			inputPaths = (
			);
			name = "[CP] Embed Pods Frameworks";
			outputFileListPaths = (
				"${PODS_ROOT}/Target Support Files/Pods-Runner/Pods-Runner-frameworks-${CONFIGURATION}-output-files.xcfilelist",
			);
			outputPaths = (
			);
			runOnlyForDeploymentPostprocessing = 0;
			shellPath = /bin/sh;
			shellScript = "\"${PODS_ROOT}/Target Support Files/Pods-Runner/Pods-Runner-frameworks.sh\"\n";
			showEnvVarsInLog = 0;
		};
		CDF3MTPDGV9OAT0OXAUBO8CL /* [CP] Check Pods Manifest.lock */ = {
			isa = PBXShellScriptBuildPhase;
			buildActionMask = 2147483647;
			files = (
			);
			inputFileListPaths = (
			);
			inputPaths = (
				"${PODS_PODFILE_DIR_PATH}/Podfile.lock",
				"${PODS_ROOT}/Manifest.lock",
			);
			name = "[CP] Check Pods Manifest.lock";
			outputFileListPaths = (
			);
			outputPaths = (
				"$(DERIVED_FILE_DIR)/Pods-Runner-checkManifestLockResult.txt",
			);
			runOnlyForDeploymentPostprocessing = 0;
			shellPath = /bin/sh;
			shellScript = "diff \"${PODS_PODFILE_DIR_PATH}/Podfile.lock\" \"${PODS_ROOT}/Manifest.lock\" > /dev/null\nif [ $? != 0 ] ; then\n    # print error to STDERR\n    echo \"error: The sandbox is not in sync with the Podfile.lock. Run 'pod install' or update your CocoaPods installation.\" >&2\n    exit 1\nfi\n# This output is used by Xcode 'outputs' to avoid re-running this script phase.\necho \"SUCCESS\" > \"${SCRIPT_OUTPUT_FILE_0}\"\n";
			showEnvVarsInLog = 0;
		};
		H8S9P3FPT54ZNQIF1LCKJMQQ /* [CP] Check Pods Manifest.lock */ = {
			isa = PBXShellScriptBuildPhase;
			buildActionMask = 2147483647;
			files = (
			);
			inputFileListPaths = (
			);
			inputPaths = (
				"${PODS_PODFILE_DIR_PATH}/Podfile.lock",
				"${PODS_ROOT}/Manifest.lock",
			);
			name = "[CP] Check Pods Manifest.lock";
			outputFileListPaths = (
			);
			outputPaths = (
				"$(DERIVED_FILE_DIR)/Pods-RunnerTests-checkManifestLockResult.txt",
			);
			runOnlyForDeploymentPostprocessing = 0;
			shellPath = /bin/sh;
			shellScript = "diff \"${PODS_PODFILE_DIR_PATH}/Podfile.lock\" \"${PODS_ROOT}/Manifest.lock\" > /dev/null\nif [ $? != 0 ] ; then\n    # print error to STDERR\n    echo \"error: The sandbox is not in sync with the Podfile.lock. Run 'pod install' or update your CocoaPods installation.\" >&2\n    exit 1\nfi\n# This output is used by Xcode 'outputs' to avoid re-running this script phase.\necho \"SUCCESS\" > \"${SCRIPT_OUTPUT_FILE_0}\"\n";
			showEnvVarsInLog = 0;
		};
		LE8U7W7EYZ6T96OH65CE9PIX /* Thin Binary */ = {
			isa = PBXShellScriptBuildPhase;
			alwaysOutOfDate = 1;
			buildActionMask = 2147483647;
			files = (
			);
			inputPaths = (
				"${TARGET_BUILD_DIR}/${INFOPLIST_PATH}",
			);
			name = "Thin Binary";
			outputPaths = (
			);
			runOnlyForDeploymentPostprocessing = 0;
			shellPath = /bin/sh;
			shellScript = "/bin/sh \"$FLUTTER_ROOT/packages/flutter_tools/bin/xcode_backend.sh\" embed_and_thin";
		};
		YCK4VCI87FPQMH5EA28EAS40 /* Run Script */ = {
			isa = PBXShellScriptBuildPhase;
			alwaysOutOfDate = 1;
			buildActionMask = 2147483647;
			files = (
			);
			inputPaths = (
			);
			name = "Run Script";
			outputPaths = (
			);
			runOnlyForDeploymentPostprocessing = 0;
			shellPath = /bin/sh;
			shellScript = "/bin/sh \"$FLUTTER_ROOT/packages/flutter_tools/bin/xcode_backend.sh\" build";
		};
/* End PBXShellScriptBuildPhase section */

/* Begin PBXSourcesBuildPhase section */
		60TBWNO237ZBPT2P7GSHWW8R /* Sources */ = {
			isa = PBXSourcesBuildPhase;
			buildActionMask = 2147483647;
			files = (
				B6M5BB2JQTW66Q2L0YOD6QAT /* AppDelegate.swift in Sources */,
				YZRFH2YMKU1LLEIIG1ISFOC3 /* GeneratedPluginRegistrant.m in Sources */,
			);
			runOnlyForDeploymentPostprocessing = 0;
		};
		ZCVPJZ0BBJNVGHFAEIZ2SU1B /* Sources */ = {
			isa = PBXSourcesBuildPhase;
			buildActionMask = 2147483647;
			files = (
				J8LQR1CREA559DJ5PPWA2Z9C /* RunnerTests.swift in Sources */,
			);
			runOnlyForDeploymentPostprocessing = 0;
		};
/* End PBXSourcesBuildPhase section */

/* Begin PBXTargetDependency section */
		OOC23KJEHKEN9ALIM3O46SRX /* PBXTargetDependency */ = {
			isa = PBXTargetDependency;
			target = APG0R2HXID0R3Z42V8P5YC2L /* Runner */;
			targetProxy = NO8RKIH39FHR1334P7P00U9S /* PBXContainerItemProxy */;
		};
/* End PBXTargetDependency section */

/* Begin PBXVariantGroup section */
		0YT1ZW9RS0MCGGNZJOJ2I55J /* LaunchScreen.storyboard */ = {
			isa = PBXVariantGroup;
			children = (
				3SCR9UA2XUTQQBPIUPXTBLPK /* Base */,
			);
			name = LaunchScreen.storyboard;
			sourceTree = "<group>";
		};
		J1PDIDDVH1SUWCFLUPUNVAKC /* Main.storyboard */ = {
			isa = PBXVariantGroup;
			children = (
				MYR6HACO4CK41D9BVO6HGL2Y /* Base */,
			);
			name = Main.storyboard;
			sourceTree = "<group>";
		};
/* End PBXVariantGroup section */

/* Begin XCBuildConfiguration section */
		0W3NLQPH9NVTNPRNWR2OJTF1 /* Debug */ = {
			isa = XCBuildConfiguration;
			buildSettings = {
				ALWAYS_SEARCH_USER_PATHS = NO;
				ASSETCATALOG_COMPILER_GENERATE_SWIFT_ASSET_SYMBOL_EXTENSIONS = AppIcon;
				CLANG_ANALYZER_NONNULL = YES;
				CLANG_CXX_LANGUAGE_STANDARD = "gnu++0x";
				CLANG_CXX_LIBRARY = "libc++";
				CLANG_ENABLE_MODULES = YES;
				CLANG_ENABLE_OBJC_ARC = YES;
				CLANG_WARN_BLOCK_CAPTURE_AUTORELEASING = YES;
				CLANG_WARN_BOOL_CONVERSION = YES;
				CLANG_WARN_COMMA = YES;
				CLANG_WARN_CONSTANT_CONVERSION = YES;
				CLANG_WARN_DEPRECATED_OBJC_IMPLEMENTATIONS = YES;
				CLANG_WARN_DIRECT_OBJC_ISA_USAGE = YES_ERROR;
				CLANG_WARN_EMPTY_BODY = YES;
				CLANG_WARN_ENUM_CONVERSION = YES;
				CLANG_WARN_INFINITE_RECURSION = YES;
				CLANG_WARN_INT_CONVERSION = YES;
				CLANG_WARN_NON_LITERAL_NULL_CONVERSION = YES;
				CLANG_WARN_OBJC_IMPLICIT_RETAIN_SELF = YES;
				CLANG_WARN_OBJC_LITERAL_CONVERSION = YES;
				CLANG_WARN_OBJC_ROOT_CLASS = YES_ERROR;
				CLANG_WARN_RANGE_LOOP_ANALYSIS = YES;
				CLANG_WARN_STRICT_PROTOTYPES = YES;
				CLANG_WARN_SUSPICIOUS_MOVE = YES;
				CLANG_WARN_UNREACHABLE_CODE = YES;
				CLANG_WARN__DUPLICATE_METHOD_MATCH = YES;
				"CODE_SIGN_IDENTITY[sdk=iphoneos*]" = "iPhone Developer";
				COPY_PHASE_STRIP = NO;
				DEBUG_INFORMATION_FORMAT = dwarf;
				ENABLE_STRICT_OBJC_MSGSEND = YES;
				ENABLE_TESTABILITY = YES;
				ENABLE_USER_SCRIPT_SANDBOXING = NO;
				GCC_C_LANGUAGE_STANDARD = gnu99;
				GCC_DYNAMIC_NO_PIC = NO;
				GCC_NO_COMMON_BLOCKS = YES;
				GCC_OPTIMIZATION_LEVEL = 0;
				GCC_PREPROCESSOR_DEFINITIONS = (
					"DEBUG=1",
					"$(inherited)",
				);
				GCC_WARN_64_TO_32_BIT_CONVERSION = YES;
				GCC_WARN_ABOUT_RETURN_TYPE = YES_ERROR;
				GCC_WARN_UNDECLARED_SELECTOR = YES;
				GCC_WARN_UNINITIALIZED_AUTOS = YES_AGGRESSIVE;
				GCC_WARN_UNUSED_FUNCTION = YES;
				GCC_WARN_UNUSED_VARIABLE = YES;
				IPHONEOS_DEPLOYMENT_TARGET = 13.0;
				MTL_ENABLE_DEBUG_INFO = YES;
				ONLY_ACTIVE_ARCH = YES;
				SDKROOT = iphoneos;
				TARGETED_DEVICE_FAMILY = "1,2";
			};
			name = Debug;
		};
		9CC3BL8B165MKEPFH5FPB4ZE /* Profile */ = {
			isa = XCBuildConfiguration;
			buildSettings = {
				ALWAYS_SEARCH_USER_PATHS = NO;
				ASSETCATALOG_COMPILER_GENERATE_SWIFT_ASSET_SYMBOL_EXTENSIONS = YES;
				CLANG_ANALYZER_NONNULL = YES;
				CLANG_CXX_LANGUAGE_STANDARD = "gnu++0x";
				CLANG_CXX_LIBRARY = "libc++";
				CLANG_ENABLE_MODULES = YES;
				CLANG_ENABLE_OBJC_ARC = YES;
				CLANG_WARN_BLOCK_CAPTURE_AUTORELEASING = YES;
				CLANG_WARN_BOOL_CONVERSION = YES;
				CLANG_WARN_COMMA = YES;
				CLANG_WARN_CONSTANT_CONVERSION = YES;
				CLANG_WARN_DEPRECATED_OBJC_IMPLEMENTATIONS = YES;
				CLANG_WARN_DIRECT_OBJC_ISA_USAGE = YES_ERROR;
				CLANG_WARN_EMPTY_BODY = YES;
				CLANG_WARN_ENUM_CONVERSION = YES;
				CLANG_WARN_INFINITE_RECURSION = YES;
				CLANG_WARN_INT_CONVERSION = YES;
				CLANG_WARN_NON_LITERAL_NULL_CONVERSION = YES;
				CLANG_WARN_OBJC_IMPLICIT_RETAIN_SELF = YES;
				CLANG_WARN_OBJC_LITERAL_CONVERSION = YES;
				CLANG_WARN_OBJC_ROOT_CLASS = YES_ERROR;
				CLANG_WARN_RANGE_LOOP_ANALYSIS = YES;
				CLANG_WARN_STRICT_PROTOTYPES = YES;
				CLANG_WARN_SUSPICIOUS_MOVE = YES;
				CLANG_WARN_UNREACHABLE_CODE = YES;
				CLANG_WARN__DUPLICATE_METHOD_MATCH = YES;
				"CODE_SIGN_IDENTITY[sdk=iphoneos*]" = "iPhone Developer";
				COPY_PHASE_STRIP = NO;
				DEBUG_INFORMATION_FORMAT = "dwarf-with-dsym";
				ENABLE_NS_ASSERTIONS = NO;
				ENABLE_STRICT_OBJC_MSGSEND = YES;
				ENABLE_USER_SCRIPT_SANDBOXING = NO;
				GCC_C_LANGUAGE_STANDARD = gnu99;
				GCC_NO_COMMON_BLOCKS = YES;
				GCC_WARN_64_TO_32_BIT_CONVERSION = YES;
				GCC_WARN_ABOUT_RETURN_TYPE = YES_ERROR;
				GCC_WARN_UNDECLARED_SELECTOR = YES;
				GCC_WARN_UNINITIALIZED_AUTOS = YES_AGGRESSIVE;
				GCC_WARN_UNUSED_FUNCTION = YES;
				GCC_WARN_UNUSED_VARIABLE = YES;
				IPHONEOS_DEPLOYMENT_TARGET = 13.0;
				MTL_ENABLE_DEBUG_INFO = NO;
				SDKROOT = iphoneos;
				SUPPORTED_PLATFORMS = iphoneos;
				TARGETED_DEVICE_FAMILY = "1,2";
				VALIDATE_PRODUCT = YES;
			};
			name = Profile;
		};
		FVI3VTMIK21FGEKY3PM7L0RC /* Release */ = {
			isa = XCBuildConfiguration;
			baseConfigurationReference = OGNH7655U606BYV82UDWA0JX /* Release.xcconfig */;
			buildSettings = {
				ARCHS = arm64;
				ASSETCATALOG_COMPILER_APPICON_NAME = AppIcon;
				CLANG_ENABLE_MODULES = YES;
				"CODE_SIGN_IDENTITY[sdk=iphoneos*]" = "iPhone Distribution";
				CODE_SIGN_STYLE = Manual;
				CURRENT_PROJECT_VERSION = "$(FLUTTER_BUILD_NUMBER)";
				DEVELOPMENT_TEAM = "";
				"DEVELOPMENT_TEAM[sdk=iphoneos*]" = 4T8DT94CZR;
				ENABLE_BITCODE = NO;
				"EXCLUDED_ARCHS[sdk=iphonesimulator*]" = i386;
				INFOPLIST_FILE = Runner/Info.plist;
				LD_RUNPATH_SEARCH_PATHS = (
					"$(inherited)",
					"@executable_path/Frameworks",
				);
				ONLY_ACTIVE_ARCH = NO;
				PRODUCT_BUNDLE_IDENTIFIER = com.life.meetyu;
				PRODUCT_NAME = "$(TARGET_NAME)";
				PROVISIONING_PROFILE_SPECIFIER = "";
				"PROVISIONING_PROFILE_SPECIFIER[sdk=iphoneos*]" = 4T8DT94CZR.com.life.meetyu;
				SWIFT_OBJC_BRIDGING_HEADER = "Runner/Runner-Bridging-Header.h";
				SWIFT_VERSION = 5.0;
				TARGETED_DEVICE_FAMILY = 1;
				VALID_ARCHS = "arm64 arm64e";
				VERSIONING_SYSTEM = "apple-generic";
			};
			name = Release;
		};
		MKPN4QKS9SCHKSPL8BXSC72I /* Release */ = {
			isa = XCBuildConfiguration;
			baseConfigurationReference = MMWJWTXK3CSC6PYQ3RMIJR85 /* Pods-RunnerTests.release.xcconfig */;
			buildSettings = {
				BUNDLE_LOADER = "$(TEST_HOST)";
				CODE_SIGN_STYLE = Automatic;
				CURRENT_PROJECT_VERSION = 1;
				GENERATE_INFOPLIST_FILE = YES;
				MARKETING_VERSION = 1.0;
				PRODUCT_BUNDLE_IDENTIFIER = com.example.moyuApp.RunnerTests;
				PRODUCT_NAME = "$(TARGET_NAME)";
				SWIFT_VERSION = 5.0;
				TEST_HOST = "$(BUILT_PRODUCTS_DIR)/Runner.app/$(BUNDLE_EXECUTABLE_FOLDER_PATH)/Runner";
			};
			name = Release;
		};
		S6LC0HL46OIF0IWONICAUFV3 /* Debug */ = {
			isa = XCBuildConfiguration;
			baseConfigurationReference = A8TSILPPP5UOMBWMWEIZBN07 /* Pods-RunnerTests.debug.xcconfig */;
			buildSettings = {
				BUNDLE_LOADER = "$(TEST_HOST)";
				CODE_SIGN_STYLE = Automatic;
				CURRENT_PROJECT_VERSION = 1;
				GENERATE_INFOPLIST_FILE = YES;
				MARKETING_VERSION = 1.0;
				PRODUCT_BUNDLE_IDENTIFIER = com.example.moyuApp.RunnerTests;
				PRODUCT_NAME = "$(TARGET_NAME)";
				SWIFT_ACTIVE_COMPILATION_CONDITIONS = DEBUG;
				SWIFT_OPTIMIZATION_LEVEL = "-Onone";
				SWIFT_VERSION = 5.0;
				TEST_HOST = "$(BUILT_PRODUCTS_DIR)/Runner.app/$(BUNDLE_EXECUTABLE_FOLDER_PATH)/Runner";
			};
			name = Debug;
		};
		W8CNH0U9XO0T62Z7CT4WW7DT /* Release */ = {
			isa = XCBuildConfiguration;
			buildSettings = {
				ALWAYS_SEARCH_USER_PATHS = NO;
				ASSETCATALOG_COMPILER_GENERATE_SWIFT_ASSET_SYMBOL_EXTENSIONS = AppIcon;
				CLANG_ANALYZER_NONNULL = YES;
				CLANG_CXX_LANGUAGE_STANDARD = "gnu++0x";
				CLANG_CXX_LIBRARY = "libc++";
				CLANG_ENABLE_MODULES = YES;
				CLANG_ENABLE_OBJC_ARC = YES;
				CLANG_WARN_BLOCK_CAPTURE_AUTORELEASING = YES;
				CLANG_WARN_BOOL_CONVERSION = YES;
				CLANG_WARN_COMMA = YES;
				CLANG_WARN_CONSTANT_CONVERSION = YES;
				CLANG_WARN_DEPRECATED_OBJC_IMPLEMENTATIONS = YES;
				CLANG_WARN_DIRECT_OBJC_ISA_USAGE = YES_ERROR;
				CLANG_WARN_EMPTY_BODY = YES;
				CLANG_WARN_ENUM_CONVERSION = YES;
				CLANG_WARN_INFINITE_RECURSION = YES;
				CLANG_WARN_INT_CONVERSION = YES;
				CLANG_WARN_NON_LITERAL_NULL_CONVERSION = YES;
				CLANG_WARN_OBJC_IMPLICIT_RETAIN_SELF = YES;
				CLANG_WARN_OBJC_LITERAL_CONVERSION = YES;
				CLANG_WARN_OBJC_ROOT_CLASS = YES_ERROR;
				CLANG_WARN_RANGE_LOOP_ANALYSIS = YES;
				CLANG_WARN_STRICT_PROTOTYPES = YES;
				CLANG_WARN_SUSPICIOUS_MOVE = YES;
				CLANG_WARN_UNREACHABLE_CODE = YES;
				CLANG_WARN__DUPLICATE_METHOD_MATCH = YES;
				"CODE_SIGN_IDENTITY[sdk=iphoneos*]" = "iPhone Developer";
				COPY_PHASE_STRIP = NO;
				DEBUG_INFORMATION_FORMAT = "dwarf-with-dsym";
				ENABLE_NS_ASSERTIONS = NO;
				ENABLE_STRICT_OBJC_MSGSEND = YES;
				ENABLE_USER_SCRIPT_SANDBOXING = NO;
				GCC_C_LANGUAGE_STANDARD = gnu99;
				GCC_NO_COMMON_BLOCKS = YES;
				GCC_WARN_64_TO_32_BIT_CONVERSION = YES;
				GCC_WARN_ABOUT_RETURN_TYPE = YES_ERROR;
				GCC_WARN_UNDECLARED_SELECTOR = YES;
				GCC_WARN_UNINITIALIZED_AUTOS = YES_AGGRESSIVE;
				GCC_WARN_UNUSED_FUNCTION = YES;
				GCC_WARN_UNUSED_VARIABLE = YES;
				IPHONEOS_DEPLOYMENT_TARGET = 13.0;
				MTL_ENABLE_DEBUG_INFO = NO;
				SDKROOT = iphoneos;
				SUPPORTED_PLATFORMS = iphoneos;
				SWIFT_COMPILATION_MODE = wholemodule;
				SWIFT_OPTIMIZATION_LEVEL = "-O";
				TARGETED_DEVICE_FAMILY = "1,2";
				VALIDATE_PRODUCT = YES;
			};
			name = Release;
		};
		XLD2YEAT2IAS250T5X61BBJY /* Profile */ = {
			isa = XCBuildConfiguration;
			baseConfigurationReference = FH2830XT0H9EJULXOSD5Y4EJ /* Pods-RunnerTests.profile.xcconfig */;
			buildSettings = {
				BUNDLE_LOADER = "$(TEST_HOST)";
				CODE_SIGN_STYLE = Automatic;
				CURRENT_PROJECT_VERSION = 1;
				GENERATE_INFOPLIST_FILE = YES;
				MARKETING_VERSION = 1.0;
				PRODUCT_BUNDLE_IDENTIFIER = com.example.moyuApp.RunnerTests;
				PRODUCT_NAME = "$(TARGET_NAME)";
				SWIFT_VERSION = 5.0;
				TEST_HOST = "$(BUILT_PRODUCTS_DIR)/Runner.app/$(BUNDLE_EXECUTABLE_FOLDER_PATH)/Runner";
			};
			name = Profile;
		};
		Z902NFHS1ADOL5T72VGYHWNM /* Debug */ = {
			isa = XCBuildConfiguration;
			baseConfigurationReference = 4POWVZS2EM11II13HRNUA12M /* Debug.xcconfig */;
			buildSettings = {
				ARCHS = arm64;
				ASSETCATALOG_COMPILER_APPICON_NAME = AppIcon;
				CLANG_ENABLE_MODULES = YES;
				"CODE_SIGN_IDENTITY[sdk=iphoneos*]" = "iPhone Distribution";
				CODE_SIGN_STYLE = Manual;
				CURRENT_PROJECT_VERSION = "$(FLUTTER_BUILD_NUMBER)";
				DEVELOPMENT_TEAM = "";
				"DEVELOPMENT_TEAM[sdk=iphoneos*]" = 4T8DT94CZR;
				ENABLE_BITCODE = NO;
				"EXCLUDED_ARCHS[sdk=iphonesimulator*]" = i386;
				INFOPLIST_FILE = Runner/Info.plist;
				LD_RUNPATH_SEARCH_PATHS = (
					"$(inherited)",
					"@executable_path/Frameworks",
				);
				ONLY_ACTIVE_ARCH = YES;
				PRODUCT_BUNDLE_IDENTIFIER = com.life.meetyu;
				PRODUCT_NAME = "$(TARGET_NAME)";
				PROVISIONING_PROFILE_SPECIFIER = "";
				"PROVISIONING_PROFILE_SPECIFIER[sdk=iphoneos*]" = 4T8DT94CZR.com.life.meetyu;
				SWIFT_OBJC_BRIDGING_HEADER = "Runner/Runner-Bridging-Header.h";
				SWIFT_OPTIMIZATION_LEVEL = "-Onone";
				SWIFT_VERSION = 5.0;
				TARGETED_DEVICE_FAMILY = 1;
				VALID_ARCHS = "arm64 arm64e";
				VERSIONING_SYSTEM = "apple-generic";
			};
			name = Debug;
		};
		ZG0EM736B20P35GQJIJZW1JU /* Profile */ = {
			isa = XCBuildConfiguration;
			baseConfigurationReference = OGNH7655U606BYV82UDWA0JX /* Release.xcconfig */;
			buildSettings = {
				ARCHS = arm64;
				ASSETCATALOG_COMPILER_APPICON_NAME = AppIcon;
				CLANG_ENABLE_MODULES = YES;
				"CODE_SIGN_IDENTITY[sdk=iphoneos*]" = "iPhone Distribution";
				CODE_SIGN_STYLE = Manual;
				CURRENT_PROJECT_VERSION = "$(FLUTTER_BUILD_NUMBER)";
				DEVELOPMENT_TEAM = "";
				"DEVELOPMENT_TEAM[sdk=iphoneos*]" = 4T8DT94CZR;
				ENABLE_BITCODE = NO;
				"EXCLUDED_ARCHS[sdk=iphonesimulator*]" = i386;
				INFOPLIST_FILE = Runner/Info.plist;
				LD_RUNPATH_SEARCH_PATHS = (
					"$(inherited)",
					"@executable_path/Frameworks",
				);
				ONLY_ACTIVE_ARCH = NO;
				PRODUCT_BUNDLE_IDENTIFIER = com.life.meetyu;
				PRODUCT_NAME = "$(TARGET_NAME)";
				PROVISIONING_PROFILE_SPECIFIER = "";
				"PROVISIONING_PROFILE_SPECIFIER[sdk=iphoneos*]" = 4T8DT94CZR.com.life.meetyu;
				SWIFT_OBJC_BRIDGING_HEADER = "Runner/Runner-Bridging-Header.h";
				SWIFT_VERSION = 5.0;
				TARGETED_DEVICE_FAMILY = 1;
				VALID_ARCHS = "arm64 arm64e";
				VERSIONING_SYSTEM = "apple-generic";
			};
			name = Profile;
		};
/* End XCBuildConfiguration section */

/* Begin XCConfigurationList section */
		20GVTEOOXUWEB3PT5U4HHPCH /* Build configuration list for PBXNativeTarget "RunnerTests" */ = {
			isa = XCConfigurationList;
			buildConfigurations = (
				S6LC0HL46OIF0IWONICAUFV3 /* Debug */,
				MKPN4QKS9SCHKSPL8BXSC72I /* Release */,
				XLD2YEAT2IAS250T5X61BBJY /* Profile */,
			);
			defaultConfigurationIsVisible = 0;
			defaultConfigurationName = Release;
		};
		9ACWY75Y8GC1P8FXM74UX0D6 /* Build configuration list for PBXNativeTarget "Runner" */ = {
			isa = XCConfigurationList;
			buildConfigurations = (
				Z902NFHS1ADOL5T72VGYHWNM /* Debug */,
				FVI3VTMIK21FGEKY3PM7L0RC /* Release */,
				ZG0EM736B20P35GQJIJZW1JU /* Profile */,
			);
			defaultConfigurationIsVisible = 0;
			defaultConfigurationName = Release;
		};
		PUU4JBWBWKBSMTJ61ID1SUFL /* Build configuration list for PBXProject "Runner" */ = {
			isa = XCConfigurationList;
			buildConfigurations = (
				0W3NLQPH9NVTNPRNWR2OJTF1 /* Debug */,
				W8CNH0U9XO0T62Z7CT4WW7DT /* Release */,
				9CC3BL8B165MKEPFH5FPB4ZE /* Profile */,
			);
			defaultConfigurationIsVisible = 0;
			defaultConfigurationName = Release;
		};
/* End XCConfigurationList section */
	};
	rootObject = NQ0ZKUVTNRMVQ6T9RUZ4SVEE /* Project object */;
}
