// !$*UTF8*$!
{
	archiveVersion = 1;
	classes = {
	};
	objectVersion = 54;
	objects = {

/* Begin PBXAggregateTarget section */
		JPUNEWK0HA8MNKUWP4PO8EGF /* Flutter Assemble */ = {
			isa = PBXAggregateTarget;
			buildConfigurationList = PJW6VBZUX1ALYLE10WTS3SS0 /* Build configuration list for PBXAggregateTarget "Flutter Assemble" */;
			buildPhases = (
				XSSURSDWROLDC3COVPWLJCHK /* ShellScript */,
			);
			dependencies = (
			);
			name = "Flutter Assemble";
			productName = FLX;
		};
/* End PBXAggregateTarget section */

/* Begin PBXBuildFile section */
		RL4MO6AKOXZYYE4UY727RFDM /* GeneratedPluginRegistrant.swift in Sources */ = {isa = PBXBuildFile; fileRef = 482M4OZ793S1G58P7MEK24SA /* GeneratedPluginRegistrant.swift */; };
		X62J6UGIHC2ODBVJ4CVDMEX1 /* AppDelegate.swift in Sources */ = {isa = PBXBuildFile; fileRef = 07JYUYLZMTT7DPUMGAGKMAQ5 /* AppDelegate.swift */; };
		K3FP5POCMFSC4E4HGWRDYHSX /* MainFlutterWindow.swift in Sources */ = {isa = PBXBuildFile; fileRef = 9N2VPQT4IBE0764PAJCKPYCS /* MainFlutterWindow.swift */; };
		S9ULSTUF9DRJIDJ3ST7T6J54 /* RunnerTests.swift in Sources */ = {isa = PBXBuildFile; fileRef = ZUSQTXM7D0EF6EW81SRYH9U9 /* RunnerTests.swift */; };
		CTTMEYRCW6LROKL98HHOJVXL /* MainMenu.xib in Resources */ = {isa = PBXBuildFile; fileRef = PU2O114XLN3X57C7T88RVCRN /* MainMenu.xib */; };
		YFYK9GQIEGTBMMK33FLEQB72 /* Assets.xcassets in Resources */ = {isa = PBXBuildFile; fileRef = P4CNE5XTKF69HUGNQN611K39 /* Assets.xcassets */; };
/* End PBXBuildFile section */

/* Begin PBXContainerItemProxy section */
		VRGI3KK237X0EBCC9ZD2O8K4 /* PBXContainerItemProxy */ = {
			isa = PBXContainerItemProxy;
			containerPortal = VCVGSOLBHCTAD0383EJT9Y8R /* Project object */;
			proxyType = 1;
			remoteGlobalIDString = FA5FPHGMQ4TXFJX4DTQ7A7HI;
			remoteInfo = Runner;
		};
		BP0UO9KXYERJUSJM0NPJKABB /* PBXContainerItemProxy */ = {
			isa = PBXContainerItemProxy;
			containerPortal = VCVGSOLBHCTAD0383EJT9Y8R /* Project object */;
			proxyType = 1;
			remoteGlobalIDString = JPUNEWK0HA8MNKUWP4PO8EGF;
			remoteInfo = FLX;
		};
/* End PBXContainerItemProxy section */

/* Begin PBXCopyFilesBuildPhase section */
		JVX9HAV8ZXEX24T0N7W9BP54 /* Bundle Framework */ = {
			isa = PBXCopyFilesBuildPhase;
			buildActionMask = 2147483647;
			dstPath = "";
			dstSubfolderSpec = 10;
			files = (
			);
			name = "Bundle Framework";
			runOnlyForDeploymentPostprocessing = 0;
		};
/* End PBXCopyFilesBuildPhase section */

/* Begin PBXFileReference section */
		5Z2HVXJ75MQE8KBPB6C9KAO2 /* DebugProfile.entitlements */ = {isa = PBXFileReference; lastKnownFileType = text.plist.entitlements; path = DebugProfile.entitlements; sourceTree = "<group>"; };
		QB68R8REI2UQ0DJ40GTZQK5X /* Info.plist */ = {isa = PBXFileReference; lastKnownFileType = text.plist.xml; name = Info.plist; path = Runner/Info.plist; sourceTree = "<group>"; };
		9N2VPQT4IBE0764PAJCKPYCS /* MainFlutterWindow.swift */ = {isa = PBXFileReference; lastKnownFileType = sourcecode.swift; path = MainFlutterWindow.swift; sourceTree = "<group>"; };
		482M4OZ793S1G58P7MEK24SA /* GeneratedPluginRegistrant.swift */ = {isa = PBXFileReference; fileEncoding = 4; lastKnownFileType = sourcecode.swift; path = GeneratedPluginRegistrant.swift; sourceTree = "<group>"; };
		D608FD5SNSVM1ETW3QLEP5W5 /* Flutter-Release.xcconfig */ = {isa = PBXFileReference; lastKnownFileType = text.xcconfig; path = "Flutter-Release.xcconfig"; sourceTree = "<group>"; };
		P4CNE5XTKF69HUGNQN611K39 /* Assets.xcassets */ = {isa = PBXFileReference; lastKnownFileType = folder.assetcatalog; name = Assets.xcassets; path = Runner/Assets.xcassets; sourceTree = "<group>"; };
		H2T2MUICBQIHBBSPA3V5GNAS /* RunnerTests.xctest */ = {isa = PBXFileReference; explicitFileType = wrapper.cfbundle; includeInIndex = 0; path = RunnerTests.xctest; sourceTree = BUILT_PRODUCTS_DIR; };
		956F77TB2727ZJ75AAVIMTLY /* Warnings.xcconfig */ = {isa = PBXFileReference; lastKnownFileType = text.xcconfig; path = Warnings.xcconfig; sourceTree = "<group>"; };
		G3WS7DPAYOXBN9BNAPXW2S0E /* Flutter-Generated.xcconfig */ = {isa = PBXFileReference; lastKnownFileType = text.xcconfig; name = "Flutter-Generated.xcconfig"; path = "ephemeral/Flutter-Generated.xcconfig"; sourceTree = "<group>"; };
		WQAMK6XNA761FIWZUL46W1ZO /* Base */ = {isa = PBXFileReference; lastKnownFileType = file.xib; name = Base; path = Base.lproj/MainMenu.xib; sourceTree = "<group>"; };
		S29VQ73BU8P5U9WZHQSVWYU2 /* Release.entitlements */ = {isa = PBXFileReference; fileEncoding = 4; lastKnownFileType = text.plist.entitlements; path = Release.entitlements; sourceTree = "<group>"; };
		YEQQX4P61VI39H6FYNZGBI5K /* Flutter-Debug.xcconfig */ = {isa = PBXFileReference; lastKnownFileType = text.xcconfig; path = "Flutter-Debug.xcconfig"; sourceTree = "<group>"; };
		07JYUYLZMTT7DPUMGAGKMAQ5 /* AppDelegate.swift */ = {isa = PBXFileReference; lastKnownFileType = sourcecode.swift; path = AppDelegate.swift; sourceTree = "<group>"; };
		XRDP4VYXLWPAZ4DOT7MH63Z6 /* moyu_app.app */ = {isa = PBXFileReference; explicitFileType = wrapper.application; includeInIndex = 0; path = "moyu_app.app"; sourceTree = BUILT_PRODUCTS_DIR; };
		8TSCXRNJ50Z7YPCGYHLE8L3H /* AppInfo.xcconfig */ = {isa = PBXFileReference; lastKnownFileType = text.xcconfig; path = AppInfo.xcconfig; sourceTree = "<group>"; };
		4POWVZS2EM11II13HRNUA12M /* Debug.xcconfig */ = {isa = PBXFileReference; fileEncoding = 4; lastKnownFileType = text.xcconfig; path = Debug.xcconfig; sourceTree = "<group>"; };
		ZUSQTXM7D0EF6EW81SRYH9U9 /* RunnerTests.swift */ = {isa = PBXFileReference; lastKnownFileType = sourcecode.swift; path = RunnerTests.swift; sourceTree = "<group>"; };
		OGNH7655U606BYV82UDWA0JX /* Release.xcconfig */ = {isa = PBXFileReference; lastKnownFileType = text.xcconfig; path = Release.xcconfig; sourceTree = "<group>"; };
/* End PBXFileReference section */

/* Begin PBXFrameworksBuildPhase section */
		KG7IL66HGVABINK17P5L4SAE /* Frameworks */ = {
			isa = PBXFrameworksBuildPhase;
			buildActionMask = 2147483647;
			files = (
			);
			runOnlyForDeploymentPostprocessing = 0;
		};
		3DD5WXMGGTIKM4BTOVWSVUN3 /* Frameworks */ = {
			isa = PBXFrameworksBuildPhase;
			buildActionMask = 2147483647;
			files = (
			);
			runOnlyForDeploymentPostprocessing = 0;
		};
/* End PBXFrameworksBuildPhase section */

/* Begin PBXGroup section */
		KUF3EUOAPERAD0B6IFZ5XA2F /* RunnerTests */ = {
			isa = PBXGroup;
			children = (
				ZUSQTXM7D0EF6EW81SRYH9U9 /* RunnerTests.swift */,
			);
			path = RunnerTests;
			sourceTree = "<group>";
		};
		HEA62BKYKRDMBB3YAQ2ZVY7I /* Configs */ = {
			isa = PBXGroup;
			children = (
				8TSCXRNJ50Z7YPCGYHLE8L3H /* AppInfo.xcconfig */,
				4POWVZS2EM11II13HRNUA12M /* Debug.xcconfig */,
				OGNH7655U606BYV82UDWA0JX /* Release.xcconfig */,
				956F77TB2727ZJ75AAVIMTLY /* Warnings.xcconfig */,
			);
			path = Configs;
			sourceTree = "<group>";
		};
		CN5HVLEG3N09CKXL07JR4S0I = {
			isa = PBXGroup;
			children = (
				GRRJCDQJRTXON418XNIZG0G1 /* Products */,
				KUF3EUOAPERAD0B6IFZ5XA2F /* RunnerTests */,
				ET7SPGV83MFT1NORWNSAC1SM /* Frameworks */,
				ZI01HWE2LC6YGPWVI4XX85FU /* Runner */,
				ULMNGGCLPZV01LZW6DJPA6T5 /* Flutter */,
			);
			sourceTree = "<group>";
		};
		GRRJCDQJRTXON418XNIZG0G1 /* Products */ = {
			isa = PBXGroup;
			children = (
				XRDP4VYXLWPAZ4DOT7MH63Z6 /* moyu_app.app */,
				H2T2MUICBQIHBBSPA3V5GNAS /* RunnerTests.xctest */,
			);
			name = Products;
			sourceTree = "<group>";
		};
		TEPYEGBYKHGLRWB7ISG4WEYS /* Resources */ = {
			isa = PBXGroup;
			children = (
				P4CNE5XTKF69HUGNQN611K39 /* Assets.xcassets */,
				PU2O114XLN3X57C7T88RVCRN /* MainMenu.xib */,
				QB68R8REI2UQ0DJ40GTZQK5X /* Info.plist */,
			);
			name = Resources;
			path = ..;
			sourceTree = "<group>";
		};
		ULMNGGCLPZV01LZW6DJPA6T5 /* Flutter */ = {
			isa = PBXGroup;
			children = (
				482M4OZ793S1G58P7MEK24SA /* GeneratedPluginRegistrant.swift */,
				YEQQX4P61VI39H6FYNZGBI5K /* Flutter-Debug.xcconfig */,
				D608FD5SNSVM1ETW3QLEP5W5 /* Flutter-Release.xcconfig */,
				G3WS7DPAYOXBN9BNAPXW2S0E /* Flutter-Generated.xcconfig */,
			);
			path = Flutter;
			sourceTree = "<group>";
		};
		ZI01HWE2LC6YGPWVI4XX85FU /* Runner */ = {
			isa = PBXGroup;
			children = (
				5Z2HVXJ75MQE8KBPB6C9KAO2 /* DebugProfile.entitlements */,
				9N2VPQT4IBE0764PAJCKPYCS /* MainFlutterWindow.swift */,
				HEA62BKYKRDMBB3YAQ2ZVY7I /* Configs */,
				S29VQ73BU8P5U9WZHQSVWYU2 /* Release.entitlements */,
				TEPYEGBYKHGLRWB7ISG4WEYS /* Resources */,
				07JYUYLZMTT7DPUMGAGKMAQ5 /* AppDelegate.swift */,
			);
			path = Runner;
			sourceTree = "<group>";
		};
		ET7SPGV83MFT1NORWNSAC1SM /* Frameworks */ = {
			isa = PBXGroup;
			children = (
			);
			name = Frameworks;
			sourceTree = "<group>";
		};
/* End PBXGroup section */

/* Begin PBXNativeTarget section */
		X0LFZMTV6X24F3K3J6V04K1N /* RunnerTests */ = {
			isa = PBXNativeTarget;
			buildConfigurationList = RPOTU113RWWEO8JFUR8GG1QK /* Build configuration list for PBXNativeTarget "RunnerTests" */;
			buildPhases = (
				1Z6SHTBZD9JH8TPVXZJ93HWL /* Sources */,
				KG7IL66HGVABINK17P5L4SAE /* Frameworks */,
				7DLL5SOP33GWSVNXG87AMCKN /* Resources */,
			);
			buildRules = (
			);
			dependencies = (
				1U63MDOAO5PLZW79BZJCAE38 /* PBXTargetDependency */,
			);
			name = RunnerTests;
			productName = RunnerTests;
			productReference = H2T2MUICBQIHBBSPA3V5GNAS /* RunnerTests.xctest */;
			productType = "com.apple.product-type.bundle.unit-test";
		};
		FA5FPHGMQ4TXFJX4DTQ7A7HI /* Runner */ = {
			isa = PBXNativeTarget;
			buildConfigurationList = LNLY5BT4O9CZGBIXHU3QFNAG /* Build configuration list for PBXNativeTarget "Runner" */;
			buildPhases = (
				TQLUJBS5RCYUZQXYQZ0LCTTV /* Sources */,
				3DD5WXMGGTIKM4BTOVWSVUN3 /* Frameworks */,
				AVC37YU8LJ3KDMAP99FCII8B /* Resources */,
				JVX9HAV8ZXEX24T0N7W9BP54 /* Bundle Framework */,
				22TA4BB7DLRSAN482CPVNJJM /* ShellScript */,
			);
			buildRules = (
			);
			dependencies = (
				MNH0BUT1BIF1C69FCPU8UHZ7 /* PBXTargetDependency */,
			);
			name = Runner;
			productName = Runner;
			productReference = XRDP4VYXLWPAZ4DOT7MH63Z6 /* moyu_app.app */;
			productType = "com.apple.product-type.application";
		};
/* End PBXNativeTarget section */

/* Begin PBXProject section */
		VCVGSOLBHCTAD0383EJT9Y8R /* Project object */ = {
			isa = PBXProject;
			attributes = {
				BuildIndependentTargetsInParallel = YES;
				LastSwiftUpdateCheck = 0920;
				LastUpgradeCheck = 1510;
				ORGANIZATIONNAME = "";
				TargetAttributes = {
					X0LFZMTV6X24F3K3J6V04K1N = {
						CreatedOnToolsVersion = 14.0;
						TestTargetID = FA5FPHGMQ4TXFJX4DTQ7A7HI;
					};
					FA5FPHGMQ4TXFJX4DTQ7A7HI = {
						CreatedOnToolsVersion = 9.2;
						LastSwiftMigration = 1100;
						ProvisioningStyle = Automatic;
						SystemCapabilities = {
							com.apple.Sandbox = {
								enabled = 1;
							};
						};
					};
					JPUNEWK0HA8MNKUWP4PO8EGF = {
						CreatedOnToolsVersion = 9.2;
						ProvisioningStyle = Manual;
					};
				};
			};
			buildConfigurationList = HJUC15IQ8R9ACOF6N5E5KLEQ /* Build configuration list for PBXProject "Runner" */;
			compatibilityVersion = "Xcode 9.3";
			developmentRegion = en;
			hasScannedForEncodings = 0;
			knownRegions = (
				en,
				Base,
			);
			mainGroup = CN5HVLEG3N09CKXL07JR4S0I;
			productRefGroup = GRRJCDQJRTXON418XNIZG0G1 /* Products */;
			projectDirPath = "";
			projectRoot = "";
			targets = (
				FA5FPHGMQ4TXFJX4DTQ7A7HI /* Runner */,
				X0LFZMTV6X24F3K3J6V04K1N /* RunnerTests */,
				JPUNEWK0HA8MNKUWP4PO8EGF /* Flutter Assemble */,
			);
		};
/* End PBXProject section */

/* Begin PBXResourcesBuildPhase section */
		7DLL5SOP33GWSVNXG87AMCKN /* Resources */ = {
			isa = PBXResourcesBuildPhase;
			buildActionMask = 2147483647;
			files = (
			);
			runOnlyForDeploymentPostprocessing = 0;
		};
		AVC37YU8LJ3KDMAP99FCII8B /* Resources */ = {
			isa = PBXResourcesBuildPhase;
			buildActionMask = 2147483647;
			files = (
				YFYK9GQIEGTBMMK33FLEQB72 /* Assets.xcassets in Resources */,
				CTTMEYRCW6LROKL98HHOJVXL /* MainMenu.xib in Resources */,
			);
			runOnlyForDeploymentPostprocessing = 0;
		};
/* End PBXResourcesBuildPhase section */

/* Begin PBXShellScriptBuildPhase section */
		22TA4BB7DLRSAN482CPVNJJM /* ShellScript */ = {
			isa = PBXShellScriptBuildPhase;
			alwaysOutOfDate = 1;
			buildActionMask = 2147483647;
			files = (
			);
			inputFileListPaths = (
			);
			inputPaths = (
			);
			outputFileListPaths = (
			);
			outputPaths = (
			);
			runOnlyForDeploymentPostprocessing = 0;
			shellPath = /bin/sh;
			shellScript = "echo \"$PRODUCT_NAME.app\" > \"$PROJECT_DIR\"/Flutter/ephemeral/.app_filename && \"$FLUTTER_ROOT\"/packages/flutter_tools/bin/macos_assemble.sh embed\n";
		};
		XSSURSDWROLDC3COVPWLJCHK /* ShellScript */ = {
			isa = PBXShellScriptBuildPhase;
			buildActionMask = 2147483647;
			files = (
			);
			inputFileListPaths = (
				Flutter/ephemeral/FlutterInputs.xcfilelist,
			);
			inputPaths = (
				Flutter/ephemeral/tripwire,
			);
			outputFileListPaths = (
				Flutter/ephemeral/FlutterOutputs.xcfilelist,
			);
			outputPaths = (
			);
			runOnlyForDeploymentPostprocessing = 0;
			shellPath = /bin/sh;
			shellScript = "\"$FLUTTER_ROOT\"/packages/flutter_tools/bin/macos_assemble.sh && touch Flutter/ephemeral/tripwire";
		};
/* End PBXShellScriptBuildPhase section */

/* Begin PBXSourcesBuildPhase section */
		1Z6SHTBZD9JH8TPVXZJ93HWL /* Sources */ = {
			isa = PBXSourcesBuildPhase;
			buildActionMask = 2147483647;
			files = (
				S9ULSTUF9DRJIDJ3ST7T6J54 /* RunnerTests.swift in Sources */,
			);
			runOnlyForDeploymentPostprocessing = 0;
		};
		TQLUJBS5RCYUZQXYQZ0LCTTV /* Sources */ = {
			isa = PBXSourcesBuildPhase;
			buildActionMask = 2147483647;
			files = (
				K3FP5POCMFSC4E4HGWRDYHSX /* MainFlutterWindow.swift in Sources */,
				X62J6UGIHC2ODBVJ4CVDMEX1 /* AppDelegate.swift in Sources */,
				RL4MO6AKOXZYYE4UY727RFDM /* GeneratedPluginRegistrant.swift in Sources */,
			);
			runOnlyForDeploymentPostprocessing = 0;
		};
/* End PBXSourcesBuildPhase section */

/* Begin PBXTargetDependency section */
		1U63MDOAO5PLZW79BZJCAE38 /* PBXTargetDependency */ = {
			isa = PBXTargetDependency;
			target = FA5FPHGMQ4TXFJX4DTQ7A7HI /* Runner */;
			targetProxy = VRGI3KK237X0EBCC9ZD2O8K4 /* PBXContainerItemProxy */;
		};
		MNH0BUT1BIF1C69FCPU8UHZ7 /* PBXTargetDependency */ = {
			isa = PBXTargetDependency;
			target = JPUNEWK0HA8MNKUWP4PO8EGF /* Flutter Assemble */;
			targetProxy = BP0UO9KXYERJUSJM0NPJKABB /* PBXContainerItemProxy */;
		};
/* End PBXTargetDependency section */

/* Begin PBXVariantGroup section */
		PU2O114XLN3X57C7T88RVCRN /* MainMenu.xib */ = {
			isa = PBXVariantGroup;
			children = (
				WQAMK6XNA761FIWZUL46W1ZO /* Base */,
			);
			name = MainMenu.xib;
			path = Runner;
			sourceTree = "<group>";
		};
/* End PBXVariantGroup section */

/* Begin XCBuildConfiguration section */
		XPOQHNUQ3ZOJNHJJGXN9F1WJ /* Debug */ = {
			isa = XCBuildConfiguration;
			buildSettings = {
				BUNDLE_LOADER = "$(TEST_HOST)";
				CURRENT_PROJECT_VERSION = 1;
				GENERATE_INFOPLIST_FILE = YES;
				MARKETING_VERSION = 1.0;
				PRODUCT_BUNDLE_IDENTIFIER = com.example.moyuApp.RunnerTests;
				PRODUCT_NAME = "$(TARGET_NAME)";
				SWIFT_VERSION = 5.0;
				TEST_HOST = "$(BUILT_PRODUCTS_DIR)/moyu_app.app/$(BUNDLE_EXECUTABLE_FOLDER_PATH)/moyu_app";
			};
			name = Debug;
		};
		65875RS7HSLRWTL0H3LC94XK /* Release */ = {
			isa = XCBuildConfiguration;
			buildSettings = {
				BUNDLE_LOADER = "$(TEST_HOST)";
				CURRENT_PROJECT_VERSION = 1;
				GENERATE_INFOPLIST_FILE = YES;
				MARKETING_VERSION = 1.0;
				PRODUCT_BUNDLE_IDENTIFIER = com.example.moyuApp.RunnerTests;
				PRODUCT_NAME = "$(TARGET_NAME)";
				SWIFT_VERSION = 5.0;
				TEST_HOST = "$(BUILT_PRODUCTS_DIR)/moyu_app.app/$(BUNDLE_EXECUTABLE_FOLDER_PATH)/moyu_app";
			};
			name = Release;
		};
		EG9WR8OZ6UKWN4XY0FGM3T9S /* Profile */ = {
			isa = XCBuildConfiguration;
			buildSettings = {
				BUNDLE_LOADER = "$(TEST_HOST)";
				CURRENT_PROJECT_VERSION = 1;
				GENERATE_INFOPLIST_FILE = YES;
				MARKETING_VERSION = 1.0;
				PRODUCT_BUNDLE_IDENTIFIER = com.example.moyuApp.RunnerTests;
				PRODUCT_NAME = "$(TARGET_NAME)";
				SWIFT_VERSION = 5.0;
				TEST_HOST = "$(BUILT_PRODUCTS_DIR)/moyu_app.app/$(BUNDLE_EXECUTABLE_FOLDER_PATH)/moyu_app";
			};
			name = Profile;
		};
		BDCAKCN6WFQMO0WL2T8HHO5G /* Profile */ = {
			isa = XCBuildConfiguration;
			baseConfigurationReference = OGNH7655U606BYV82UDWA0JX /* Release.xcconfig */;
			buildSettings = {
				ALWAYS_SEARCH_USER_PATHS = NO;
				ASSETCATALOG_COMPILER_GENERATE_SWIFT_ASSET_SYMBOL_EXTENSIONS = YES;
				CLANG_ANALYZER_NONNULL = YES;
				CLANG_ANALYZER_NUMBER_OBJECT_CONVERSION = YES_AGGRESSIVE;
				CLANG_CXX_LANGUAGE_STANDARD = "gnu++14";
				CLANG_CXX_LIBRARY = "libc++";
				CLANG_ENABLE_MODULES = YES;
				CLANG_ENABLE_OBJC_ARC = YES;
				CLANG_WARN_BLOCK_CAPTURE_AUTORELEASING = YES;
				CLANG_WARN_BOOL_CONVERSION = YES;
				CLANG_WARN_CONSTANT_CONVERSION = YES;
				CLANG_WARN_DEPRECATED_OBJC_IMPLEMENTATIONS = YES;
				CLANG_WARN_DIRECT_OBJC_ISA_USAGE = YES_ERROR;
				CLANG_WARN_DOCUMENTATION_COMMENTS = YES;
				CLANG_WARN_EMPTY_BODY = YES;
				CLANG_WARN_ENUM_CONVERSION = YES;
				CLANG_WARN_INFINITE_RECURSION = YES;
				CLANG_WARN_INT_CONVERSION = YES;
				CLANG_WARN_NON_LITERAL_NULL_CONVERSION = YES;
				CLANG_WARN_OBJC_LITERAL_CONVERSION = YES;
				CLANG_WARN_OBJC_ROOT_CLASS = YES_ERROR;
				CLANG_WARN_RANGE_LOOP_ANALYSIS = YES;
				CLANG_WARN_SUSPICIOUS_MOVE = YES;
				CODE_SIGN_IDENTITY = "-";
				COPY_PHASE_STRIP = NO;
				DEAD_CODE_STRIPPING = YES;
				DEBUG_INFORMATION_FORMAT = "dwarf-with-dsym";
				ENABLE_NS_ASSERTIONS = NO;
				ENABLE_STRICT_OBJC_MSGSEND = YES;
				ENABLE_USER_SCRIPT_SANDBOXING = NO;
				GCC_C_LANGUAGE_STANDARD = gnu11;
				GCC_NO_COMMON_BLOCKS = YES;
				GCC_WARN_64_TO_32_BIT_CONVERSION = YES;
				GCC_WARN_ABOUT_RETURN_TYPE = YES_ERROR;
				GCC_WARN_UNINITIALIZED_AUTOS = YES_AGGRESSIVE;
				GCC_WARN_UNUSED_FUNCTION = YES;
				GCC_WARN_UNUSED_VARIABLE = YES;
				MACOSX_DEPLOYMENT_TARGET = 10.15;
				MTL_ENABLE_DEBUG_INFO = NO;
				SDKROOT = macosx;
				SWIFT_COMPILATION_MODE = wholemodule;
				SWIFT_OPTIMIZATION_LEVEL = "-O";
			};
			name = Profile;
		};
		E0TAM9W2A5WRISE7N82AG0UK /* Profile */ = {
			isa = XCBuildConfiguration;
			baseConfigurationReference = 8TSCXRNJ50Z7YPCGYHLE8L3H /* AppInfo.xcconfig */;
			buildSettings = {
				ASSETCATALOG_COMPILER_APPICON_NAME = AppIcon;
				CLANG_ENABLE_MODULES = YES;
				CODE_SIGN_ENTITLEMENTS = Runner/DebugProfile.entitlements;
				CODE_SIGN_STYLE = Automatic;
				COMBINE_HIDPI_IMAGES = YES;
				INFOPLIST_FILE = Runner/Info.plist;
				LD_RUNPATH_SEARCH_PATHS = (
					"$(inherited)",
					"@executable_path/../Frameworks",
				);
				PROVISIONING_PROFILE_SPECIFIER = "";
				SWIFT_VERSION = 5.0;
			};
			name = Profile;
		};
		T4H2VN529PH6ZQ0N2EBF2FTJ /* Profile */ = {
			isa = XCBuildConfiguration;
			buildSettings = {
				CODE_SIGN_STYLE = Manual;
				PRODUCT_NAME = "$(TARGET_NAME)";
			};
			name = Profile;
		};
		TGV8YA8HBZNI73008W9A0EZL /* Debug */ = {
			isa = XCBuildConfiguration;
			baseConfigurationReference = 4POWVZS2EM11II13HRNUA12M /* Debug.xcconfig */;
			buildSettings = {
				ALWAYS_SEARCH_USER_PATHS = NO;
				ASSETCATALOG_COMPILER_GENERATE_SWIFT_ASSET_SYMBOL_EXTENSIONS = YES;
				CLANG_ANALYZER_NONNULL = YES;
				CLANG_ANALYZER_NUMBER_OBJECT_CONVERSION = YES_AGGRESSIVE;
				CLANG_CXX_LANGUAGE_STANDARD = "gnu++14";
				CLANG_CXX_LIBRARY = "libc++";
				CLANG_ENABLE_MODULES = YES;
				CLANG_ENABLE_OBJC_ARC = YES;
				CLANG_WARN_BLOCK_CAPTURE_AUTORELEASING = YES;
				CLANG_WARN_BOOL_CONVERSION = YES;
				CLANG_WARN_CONSTANT_CONVERSION = YES;
				CLANG_WARN_DEPRECATED_OBJC_IMPLEMENTATIONS = YES;
				CLANG_WARN_DIRECT_OBJC_ISA_USAGE = YES_ERROR;
				CLANG_WARN_DOCUMENTATION_COMMENTS = YES;
				CLANG_WARN_EMPTY_BODY = YES;
				CLANG_WARN_ENUM_CONVERSION = YES;
				CLANG_WARN_INFINITE_RECURSION = YES;
				CLANG_WARN_INT_CONVERSION = YES;
				CLANG_WARN_NON_LITERAL_NULL_CONVERSION = YES;
				CLANG_WARN_OBJC_LITERAL_CONVERSION = YES;
				CLANG_WARN_OBJC_ROOT_CLASS = YES_ERROR;
				CLANG_WARN_RANGE_LOOP_ANALYSIS = YES;
				CLANG_WARN_SUSPICIOUS_MOVE = YES;
				CODE_SIGN_IDENTITY = "-";
				COPY_PHASE_STRIP = NO;
				DEAD_CODE_STRIPPING = YES;
				DEBUG_INFORMATION_FORMAT = dwarf;
				ENABLE_STRICT_OBJC_MSGSEND = YES;
				ENABLE_TESTABILITY = YES;
				ENABLE_USER_SCRIPT_SANDBOXING = NO;
				GCC_C_LANGUAGE_STANDARD = gnu11;
				GCC_DYNAMIC_NO_PIC = NO;
				GCC_NO_COMMON_BLOCKS = YES;
				GCC_OPTIMIZATION_LEVEL = 0;
				GCC_PREPROCESSOR_DEFINITIONS = (
					"DEBUG=1",
					"$(inherited)",
				);
				GCC_WARN_64_TO_32_BIT_CONVERSION = YES;
				GCC_WARN_ABOUT_RETURN_TYPE = YES_ERROR;
				GCC_WARN_UNINITIALIZED_AUTOS = YES_AGGRESSIVE;
				GCC_WARN_UNUSED_FUNCTION = YES;
				GCC_WARN_UNUSED_VARIABLE = YES;
				MACOSX_DEPLOYMENT_TARGET = 10.15;
				MTL_ENABLE_DEBUG_INFO = YES;
				ONLY_ACTIVE_ARCH = YES;
				SDKROOT = macosx;
				SWIFT_ACTIVE_COMPILATION_CONDITIONS = DEBUG;
				SWIFT_OPTIMIZATION_LEVEL = "-Onone";
			};
			name = Debug;
		};
		EBCPONUFGY77G6ABA1LDVET4 /* Release */ = {
			isa = XCBuildConfiguration;
			baseConfigurationReference = OGNH7655U606BYV82UDWA0JX /* Release.xcconfig */;
			buildSettings = {
				ALWAYS_SEARCH_USER_PATHS = NO;
				ASSETCATALOG_COMPILER_GENERATE_SWIFT_ASSET_SYMBOL_EXTENSIONS = YES;
				CLANG_ANALYZER_NONNULL = YES;
				CLANG_ANALYZER_NUMBER_OBJECT_CONVERSION = YES_AGGRESSIVE;
				CLANG_CXX_LANGUAGE_STANDARD = "gnu++14";
				CLANG_CXX_LIBRARY = "libc++";
				CLANG_ENABLE_MODULES = YES;
				CLANG_ENABLE_OBJC_ARC = YES;
				CLANG_WARN_BLOCK_CAPTURE_AUTORELEASING = YES;
				CLANG_WARN_BOOL_CONVERSION = YES;
				CLANG_WARN_CONSTANT_CONVERSION = YES;
				CLANG_WARN_DEPRECATED_OBJC_IMPLEMENTATIONS = YES;
				CLANG_WARN_DIRECT_OBJC_ISA_USAGE = YES_ERROR;
				CLANG_WARN_DOCUMENTATION_COMMENTS = YES;
				CLANG_WARN_EMPTY_BODY = YES;
				CLANG_WARN_ENUM_CONVERSION = YES;
				CLANG_WARN_INFINITE_RECURSION = YES;
				CLANG_WARN_INT_CONVERSION = YES;
				CLANG_WARN_NON_LITERAL_NULL_CONVERSION = YES;
				CLANG_WARN_OBJC_LITERAL_CONVERSION = YES;
				CLANG_WARN_OBJC_ROOT_CLASS = YES_ERROR;
				CLANG_WARN_RANGE_LOOP_ANALYSIS = YES;
				CLANG_WARN_SUSPICIOUS_MOVE = YES;
				CODE_SIGN_IDENTITY = "-";
				COPY_PHASE_STRIP = NO;
				DEAD_CODE_STRIPPING = YES;
				DEBUG_INFORMATION_FORMAT = "dwarf-with-dsym";
				ENABLE_NS_ASSERTIONS = NO;
				ENABLE_STRICT_OBJC_MSGSEND = YES;
				ENABLE_USER_SCRIPT_SANDBOXING = NO;
				GCC_C_LANGUAGE_STANDARD = gnu11;
				GCC_NO_COMMON_BLOCKS = YES;
				GCC_WARN_64_TO_32_BIT_CONVERSION = YES;
				GCC_WARN_ABOUT_RETURN_TYPE = YES_ERROR;
				GCC_WARN_UNINITIALIZED_AUTOS = YES_AGGRESSIVE;
				GCC_WARN_UNUSED_FUNCTION = YES;
				GCC_WARN_UNUSED_VARIABLE = YES;
				MACOSX_DEPLOYMENT_TARGET = 10.15;
				MTL_ENABLE_DEBUG_INFO = NO;
				SDKROOT = macosx;
				SWIFT_COMPILATION_MODE = wholemodule;
				SWIFT_OPTIMIZATION_LEVEL = "-O";
			};
			name = Release;
		};
		KST8591JZKKZTPP4UDFP8NDI /* Debug */ = {
			isa = XCBuildConfiguration;
			baseConfigurationReference = 8TSCXRNJ50Z7YPCGYHLE8L3H /* AppInfo.xcconfig */;
			buildSettings = {
				ASSETCATALOG_COMPILER_APPICON_NAME = AppIcon;
				CLANG_ENABLE_MODULES = YES;
				CODE_SIGN_ENTITLEMENTS = Runner/DebugProfile.entitlements;
				CODE_SIGN_STYLE = Automatic;
				COMBINE_HIDPI_IMAGES = YES;
				INFOPLIST_FILE = Runner/Info.plist;
				LD_RUNPATH_SEARCH_PATHS = (
					"$(inherited)",
					"@executable_path/../Frameworks",
				);
				PROVISIONING_PROFILE_SPECIFIER = "";
				SWIFT_OPTIMIZATION_LEVEL = "-Onone";
				SWIFT_VERSION = 5.0;
			};
			name = Debug;
		};
		J25QAYKYI45FXY990UNNO75D /* Release */ = {
			isa = XCBuildConfiguration;
			baseConfigurationReference = 8TSCXRNJ50Z7YPCGYHLE8L3H /* AppInfo.xcconfig */;
			buildSettings = {
				ASSETCATALOG_COMPILER_APPICON_NAME = AppIcon;
				CLANG_ENABLE_MODULES = YES;
				CODE_SIGN_ENTITLEMENTS = Runner/Release.entitlements;
				CODE_SIGN_STYLE = Automatic;
				COMBINE_HIDPI_IMAGES = YES;
				INFOPLIST_FILE = Runner/Info.plist;
				LD_RUNPATH_SEARCH_PATHS = (
					"$(inherited)",
					"@executable_path/../Frameworks",
				);
				PROVISIONING_PROFILE_SPECIFIER = "";
				SWIFT_VERSION = 5.0;
			};
			name = Release;
		};
		KU4GP4X2RA5SOWQQ5J8V9PJ1 /* Debug */ = {
			isa = XCBuildConfiguration;
			buildSettings = {
				CODE_SIGN_STYLE = Manual;
				PRODUCT_NAME = "$(TARGET_NAME)";
			};
			name = Debug;
		};
		C1QDYLBLP3IF3HYZF6X4LIF4 /* Release */ = {
			isa = XCBuildConfiguration;
			buildSettings = {
				CODE_SIGN_STYLE = Automatic;
				PRODUCT_NAME = "$(TARGET_NAME)";
			};
			name = Release;
		};
/* End XCBuildConfiguration section */

/* Begin XCConfigurationList section */
		RPOTU113RWWEO8JFUR8GG1QK /* Build configuration list for PBXNativeTarget "RunnerTests" */ = {
			isa = XCConfigurationList;
			buildConfigurations = (
				XPOQHNUQ3ZOJNHJJGXN9F1WJ /* Debug */,
				65875RS7HSLRWTL0H3LC94XK /* Release */,
				EG9WR8OZ6UKWN4XY0FGM3T9S /* Profile */,
			);
			defaultConfigurationIsVisible = 0;
			defaultConfigurationName = Release;
		};
		HJUC15IQ8R9ACOF6N5E5KLEQ /* Build configuration list for PBXProject "Runner" */ = {
			isa = XCConfigurationList;
			buildConfigurations = (
				TGV8YA8HBZNI73008W9A0EZL /* Debug */,
				EBCPONUFGY77G6ABA1LDVET4 /* Release */,
				BDCAKCN6WFQMO0WL2T8HHO5G /* Profile */,
			);
			defaultConfigurationIsVisible = 0;
			defaultConfigurationName = Release;
		};
		LNLY5BT4O9CZGBIXHU3QFNAG /* Build configuration list for PBXNativeTarget "Runner" */ = {
			isa = XCConfigurationList;
			buildConfigurations = (
				KST8591JZKKZTPP4UDFP8NDI /* Debug */,
				J25QAYKYI45FXY990UNNO75D /* Release */,
				E0TAM9W2A5WRISE7N82AG0UK /* Profile */,
			);
			defaultConfigurationIsVisible = 0;
			defaultConfigurationName = Release;
		};
		PJW6VBZUX1ALYLE10WTS3SS0 /* Build configuration list for PBXAggregateTarget "Flutter Assemble" */ = {
			isa = XCConfigurationList;
			buildConfigurations = (
				KU4GP4X2RA5SOWQQ5J8V9PJ1 /* Debug */,
				C1QDYLBLP3IF3HYZF6X4LIF4 /* Release */,
				T4H2VN529PH6ZQ0N2EBF2FTJ /* Profile */,
			);
			defaultConfigurationIsVisible = 0;
			defaultConfigurationName = Release;
		};
/* End XCConfigurationList section */
	};
	rootObject = VCVGSOLBHCTAD0383EJT9Y8R /* Project object */;
}
